// !$*UTF8*$!
{
	archiveVersion = 1;
	classes = {
	};
	objectVersion = 50;
	objects = {

/* Begin PBXBuildFile section */
		1F69C9AD25C953D200D7BB21 /* SimpleWatchOSAppApp.swift in Sources */ = {isa = PBXBuildFile; fileRef = 1F69C9AC25C953D200D7BB21 /* SimpleWatchOSAppApp.swift */; };
		1F69C9AF25C953D200D7BB21 /* ContentView.swift in Sources */ = {isa = PBXBuildFile; fileRef = 1F69C9AE25C953D200D7BB21 /* ContentView.swift */; };
		1F69C9B125C953D400D7BB21 /* Assets.xcassets in Resources */ = {isa = PBXBuildFile; fileRef = 1F69C9B025C953D400D7BB21 /* Assets.xcassets */; };
		1F69C9B425C953D400D7BB21 /* Preview Assets.xcassets in Resources */ = {isa = PBXBuildFile; fileRef = 1F69C9B325C953D400D7BB21 /* Preview Assets.xcassets */; };
		1F69C9CA25C9548E00D7BB21 /* Landmark.swift in Sources */ = {isa = PBXBuildFile; fileRef = 1F69C9C625C9548E00D7BB21 /* Landmark.swift */; };
		1F69C9CB25C9548E00D7BB21 /* Hike.swift in Sources */ = {isa = PBXBuildFile; fileRef = 1F69C9C725C9548E00D7BB21 /* Hike.swift */; };
		1F69C9CC25C9548E00D7BB21 /* Profile.swift in Sources */ = {isa = PBXBuildFile; fileRef = 1F69C9C825C9548E00D7BB21 /* Profile.swift */; };
		1F69C9CD25C9548E00D7BB21 /* ModelData.swift in Sources */ = {isa = PBXBuildFile; fileRef = 1F69C9C925C9548E00D7BB21 /* ModelData.swift */; };
		1F69C9D125C954A900D7BB21 /* landmarkData.json in Resources */ = {isa = PBXBuildFile; fileRef = 1F69C9CF25C954A900D7BB21 /* landmarkData.json */; };
		1F69C9D225C954A900D7BB21 /* hikeData.json in Resources */ = {isa = PBXBuildFile; fileRef = 1F69C9D025C954A900D7BB21 /* hikeData.json */; };
		1F69C9D725C9550600D7BB21 /* ProfileHost.swift in Sources */ = {isa = PBXBuildFile; fileRef = 1F69C9D425C9550600D7BB21 /* ProfileHost.swift */; };
		1F69C9D825C9550600D7BB21 /* ProfileSummary.swift in Sources */ = {isa = PBXBuildFile; fileRef = 1F69C9D525C9550600D7BB21 /* ProfileSummary.swift */; };
		1F69C9D925C9550600D7BB21 /* ProfileEditor.swift in Sources */ = {isa = PBXBuildFile; fileRef = 1F69C9D625C9550600D7BB21 /* ProfileEditor.swift */; };
		1F69C9DF25C9551900D7BB21 /* PageView.swift in Sources */ = {isa = PBXBuildFile; fileRef = 1F69C9DB25C9551900D7BB21 /* PageView.swift */; };
		1F69C9E025C9551900D7BB21 /* FeatureCard.swift in Sources */ = {isa = PBXBuildFile; fileRef = 1F69C9DC25C9551900D7BB21 /* FeatureCard.swift */; };
		1F69C9E125C9551900D7BB21 /* PageViewController.swift in Sources */ = {isa = PBXBuildFile; fileRef = 1F69C9DD25C9551900D7BB21 /* PageViewController.swift */; };
		1F69C9E225C9551900D7BB21 /* PageControl.swift in Sources */ = {isa = PBXBuildFile; fileRef = 1F69C9DE25C9551900D7BB21 /* PageControl.swift */; };
		1F69C9E725C9552D00D7BB21 /* LandmarkRow.swift in Sources */ = {isa = PBXBuildFile; fileRef = 1F69C9E425C9552C00D7BB21 /* LandmarkRow.swift */; };
		1F69C9E825C9552D00D7BB21 /* LandmarkDetail.swift in Sources */ = {isa = PBXBuildFile; fileRef = 1F69C9E525C9552D00D7BB21 /* LandmarkDetail.swift */; };
		1F69C9E925C9552D00D7BB21 /* LandmarkList.swift in Sources */ = {isa = PBXBuildFile; fileRef = 1F69C9E625C9552D00D7BB21 /* LandmarkList.swift */; };
		1F69C9EF25C9554400D7BB21 /* HikeGraph.swift in Sources */ = {isa = PBXBuildFile; fileRef = 1F69C9EB25C9554400D7BB21 /* HikeGraph.swift */; };
		1F69C9F025C9554400D7BB21 /* GraphCapsule.swift in Sources */ = {isa = PBXBuildFile; fileRef = 1F69C9EC25C9554400D7BB21 /* GraphCapsule.swift */; };
		1F69C9F125C9554400D7BB21 /* HikeDetail.swift in Sources */ = {isa = PBXBuildFile; fileRef = 1F69C9ED25C9554400D7BB21 /* HikeDetail.swift */; };
		1F69C9F225C9554400D7BB21 /* HikeView.swift in Sources */ = {isa = PBXBuildFile; fileRef = 1F69C9EE25C9554400D7BB21 /* HikeView.swift */; };
		1F69C9F725C9555A00D7BB21 /* CircleImage.swift in Sources */ = {isa = PBXBuildFile; fileRef = 1F69C9F425C9555A00D7BB21 /* CircleImage.swift */; };
		1F69C9F825C9555A00D7BB21 /* MapView.swift in Sources */ = {isa = PBXBuildFile; fileRef = 1F69C9F525C9555A00D7BB21 /* MapView.swift */; };
		1F69C9F925C9555A00D7BB21 /* FavoriteButton.swift in Sources */ = {isa = PBXBuildFile; fileRef = 1F69C9F625C9555A00D7BB21 /* FavoriteButton.swift */; };
		1F69C9FE25C9556D00D7BB21 /* CategoryHome.swift in Sources */ = {isa = PBXBuildFile; fileRef = 1F69C9FB25C9556D00D7BB21 /* CategoryHome.swift */; };
		1F69C9FF25C9556D00D7BB21 /* CategoryItem.swift in Sources */ = {isa = PBXBuildFile; fileRef = 1F69C9FC25C9556D00D7BB21 /* CategoryItem.swift */; };
		1F69CA0025C9556D00D7BB21 /* CategoryRow.swift in Sources */ = {isa = PBXBuildFile; fileRef = 1F69C9FD25C9556D00D7BB21 /* CategoryRow.swift */; };
		1F69CA0825C9558000D7BB21 /* Badge.swift in Sources */ = {isa = PBXBuildFile; fileRef = 1F69CA0225C9558000D7BB21 /* Badge.swift */; };
		1F69CA0925C9558000D7BB21 /* BadgeBackground.swift in Sources */ = {isa = PBXBuildFile; fileRef = 1F69CA0325C9558000D7BB21 /* BadgeBackground.swift */; };
		1F69CA0A25C9558000D7BB21 /* BadgeSymbol.swift in Sources */ = {isa = PBXBuildFile; fileRef = 1F69CA0425C9558000D7BB21 /* BadgeSymbol.swift */; };
		1F69CA0B25C9558000D7BB21 /* HikeBadge.swift in Sources */ = {isa = PBXBuildFile; fileRef = 1F69CA0525C9558000D7BB21 /* HikeBadge.swift */; };
		1F69CA0C25C9558000D7BB21 /* HexagonParameters.swift in Sources */ = {isa = PBXBuildFile; fileRef = 1F69CA0625C9558000D7BB21 /* HexagonParameters.swift */; };
		1F69CA0D25C9558000D7BB21 /* RotatedBadgeSymbol.swift in Sources */ = {isa = PBXBuildFile; fileRef = 1F69CA0725C9558000D7BB21 /* RotatedBadgeSymbol.swift */; };
		1F69CA1425C9584400D7BB21 /* Assets.xcassets in Resources */ = {isa = PBXBuildFile; fileRef = 1F69CA1325C9584400D7BB21 /* Assets.xcassets */; };
		1F69CA1B25C9584500D7BB21 /* WatchOSApp Extension.appex in Embed App Extensions */ = {isa = PBXBuildFile; fileRef = 1F69CA1A25C9584500D7BB21 /* WatchOSApp Extension.appex */; settings = {ATTRIBUTES = (RemoveHeadersOnCopy, ); }; };
		1F69CA2225C9584500D7BB21 /* ContentView.swift in Sources */ = {isa = PBXBuildFile; fileRef = 1F69CA2125C9584500D7BB21 /* ContentView.swift */; };
		1F69CA2425C9584500D7BB21 /* NotificationController.swift in Sources */ = {isa = PBXBuildFile; fileRef = 1F69CA2325C9584500D7BB21 /* NotificationController.swift */; };
		1F69CA2625C9584500D7BB21 /* NotificationView.swift in Sources */ = {isa = PBXBuildFile; fileRef = 1F69CA2525C9584500D7BB21 /* NotificationView.swift */; };
		1F69CA2825C9584500D7BB21 /* ComplicationController.swift in Sources */ = {isa = PBXBuildFile; fileRef = 1F69CA2725C9584500D7BB21 /* ComplicationController.swift */; };
		1F69CA2A25C9584600D7BB21 /* Assets.xcassets in Resources */ = {isa = PBXBuildFile; fileRef = 1F69CA2925C9584600D7BB21 /* Assets.xcassets */; };
		1F69CA2D25C9584600D7BB21 /* Preview Assets.xcassets in Resources */ = {isa = PBXBuildFile; fileRef = 1F69CA2C25C9584600D7BB21 /* Preview Assets.xcassets */; };
		1F69CA3225C9584600D7BB21 /* WatchOSApp.app in Embed Watch Content */ = {isa = PBXBuildFile; fileRef = 1F69CA1125C9584300D7BB21 /* WatchOSApp.app */; settings = {ATTRIBUTES = (RemoveHeadersOnCopy, ); }; };
		1F6FD4A925CC8657003C4E61 /* hikeData.json in Resources */ = {isa = PBXBuildFile; fileRef = 1F69C9D025C954A900D7BB21 /* hikeData.json */; };
		1F6FD4AA25CC8657003C4E61 /* Hike.swift in Sources */ = {isa = PBXBuildFile; fileRef = 1F69C9C725C9548E00D7BB21 /* Hike.swift */; };
		1F6FD4AB25CC8657003C4E61 /* CircleImage.swift in Sources */ = {isa = PBXBuildFile; fileRef = 1F69C9F425C9555A00D7BB21 /* CircleImage.swift */; };
		1F6FD4AC25CC8657003C4E61 /* MapView.swift in Sources */ = {isa = PBXBuildFile; fileRef = 1F69C9F525C9555A00D7BB21 /* MapView.swift */; };
		1F6FD4AD25CC8657003C4E61 /* landmarkData.json in Resources */ = {isa = PBXBuildFile; fileRef = 1F69C9CF25C954A900D7BB21 /* landmarkData.json */; };
		1F6FD4AE25CC8657003C4E61 /* ModelData.swift in Sources */ = {isa = PBXBuildFile; fileRef = 1F69C9C925C9548E00D7BB21 /* ModelData.swift */; };
		1F6FD4AF25CC8657003C4E61 /* Profile.swift in Sources */ = {isa = PBXBuildFile; fileRef = 1F69C9C825C9548E00D7BB21 /* Profile.swift */; };
		1F6FD4B025CC8657003C4E61 /* LandmarkRow.swift in Sources */ = {isa = PBXBuildFile; fileRef = 1F69C9E425C9552C00D7BB21 /* LandmarkRow.swift */; };
		1F6FD4B125CC8657003C4E61 /* Assets.xcassets in Resources */ = {isa = PBXBuildFile; fileRef = 1F69C9B025C953D400D7BB21 /* Assets.xcassets */; };
		1F6FD4B225CC8657003C4E61 /* LandmarkList.swift in Sources */ = {isa = PBXBuildFile; fileRef = 1F69C9E625C9552D00D7BB21 /* LandmarkList.swift */; };
		1F6FD4B325CC8657003C4E61 /* SimpleWatchOSAppApp.swift in Sources */ = {isa = PBXBuildFile; fileRef = 1F69C9AC25C953D200D7BB21 /* SimpleWatchOSAppApp.swift */; };
		1F6FD4B425CC8657003C4E61 /* Landmark.swift in Sources */ = {isa = PBXBuildFile; fileRef = 1F69C9C625C9548E00D7BB21 /* Landmark.swift */; };
		1F6FD4C125CC8B7F003C4E61 /* LandmarkDetail.swift in Sources */ = {isa = PBXBuildFile; fileRef = 1F6FD4C025CC8B7F003C4E61 /* LandmarkDetail.swift */; };
/* End PBXBuildFile section */

/* Begin PBXContainerItemProxy section */
		1F69CA1C25C9584500D7BB21 /* PBXContainerItemProxy */ = {
			isa = PBXContainerItemProxy;
			containerPortal = 1F69C9A125C953D200D7BB21 /* Project object */;
			proxyType = 1;
			remoteGlobalIDString = 1F69CA1925C9584500D7BB21;
			remoteInfo = "WatchOSApp Extension";
		};
		1F69CA3025C9584600D7BB21 /* PBXContainerItemProxy */ = {
			isa = PBXContainerItemProxy;
			containerPortal = 1F69C9A125C953D200D7BB21 /* Project object */;
			proxyType = 1;
			remoteGlobalIDString = 1F69CA1025C9584300D7BB21;
			remoteInfo = WatchOSApp;
		};
/* End PBXContainerItemProxy section */

/* Begin PBXCopyFilesBuildPhase section */
		1F69CA3625C9584600D7BB21 /* Embed App Extensions */ = {
			isa = PBXCopyFilesBuildPhase;
			buildActionMask = 2147483647;
			dstPath = "";
			dstSubfolderSpec = 13;
			files = (
				1F69CA1B25C9584500D7BB21 /* WatchOSApp Extension.appex in Embed App Extensions */,
			);
			name = "Embed App Extensions";
			runOnlyForDeploymentPostprocessing = 0;
		};
		1F69CA3A25C9584600D7BB21 /* Embed Watch Content */ = {
			isa = PBXCopyFilesBuildPhase;
			buildActionMask = 2147483647;
			dstPath = "$(CONTENTS_FOLDER_PATH)/Watch";
			dstSubfolderSpec = 16;
			files = (
				1F69CA3225C9584600D7BB21 /* WatchOSApp.app in Embed Watch Content */,
			);
			name = "Embed Watch Content";
			runOnlyForDeploymentPostprocessing = 0;
		};
/* End PBXCopyFilesBuildPhase section */

/* Begin PBXFileReference section */
		1F69C9A925C953D200D7BB21 /* SimpleWatchOSApp.app */ = {isa = PBXFileReference; explicitFileType = wrapper.application; includeInIndex = 0; path = SimpleWatchOSApp.app; sourceTree = BUILT_PRODUCTS_DIR; };
		1F69C9AC25C953D200D7BB21 /* SimpleWatchOSAppApp.swift */ = {isa = PBXFileReference; lastKnownFileType = sourcecode.swift; path = SimpleWatchOSAppApp.swift; sourceTree = "<group>"; };
		1F69C9AE25C953D200D7BB21 /* ContentView.swift */ = {isa = PBXFileReference; lastKnownFileType = sourcecode.swift; path = ContentView.swift; sourceTree = "<group>"; };
		1F69C9B025C953D400D7BB21 /* Assets.xcassets */ = {isa = PBXFileReference; lastKnownFileType = folder.assetcatalog; path = Assets.xcassets; sourceTree = "<group>"; };
		1F69C9B325C953D400D7BB21 /* Preview Assets.xcassets */ = {isa = PBXFileReference; lastKnownFileType = folder.assetcatalog; path = "Preview Assets.xcassets"; sourceTree = "<group>"; };
		1F69C9B525C953D400D7BB21 /* Info.plist */ = {isa = PBXFileReference; lastKnownFileType = text.plist.xml; path = Info.plist; sourceTree = "<group>"; };
		1F69C9C625C9548E00D7BB21 /* Landmark.swift */ = {isa = PBXFileReference; fileEncoding = 4; lastKnownFileType = sourcecode.swift; path = Landmark.swift; sourceTree = "<group>"; };
		1F69C9C725C9548E00D7BB21 /* Hike.swift */ = {isa = PBXFileReference; fileEncoding = 4; lastKnownFileType = sourcecode.swift; path = Hike.swift; sourceTree = "<group>"; };
		1F69C9C825C9548E00D7BB21 /* Profile.swift */ = {isa = PBXFileReference; fileEncoding = 4; lastKnownFileType = sourcecode.swift; path = Profile.swift; sourceTree = "<group>"; };
		1F69C9C925C9548E00D7BB21 /* ModelData.swift */ = {isa = PBXFileReference; fileEncoding = 4; lastKnownFileType = sourcecode.swift; path = ModelData.swift; sourceTree = "<group>"; };
		1F69C9CF25C954A900D7BB21 /* landmarkData.json */ = {isa = PBXFileReference; fileEncoding = 4; lastKnownFileType = text.json; path = landmarkData.json; sourceTree = "<group>"; };
		1F69C9D025C954A900D7BB21 /* hikeData.json */ = {isa = PBXFileReference; fileEncoding = 4; lastKnownFileType = text.json; path = hikeData.json; sourceTree = "<group>"; };
		1F69C9D425C9550600D7BB21 /* ProfileHost.swift */ = {isa = PBXFileReference; fileEncoding = 4; lastKnownFileType = sourcecode.swift; path = ProfileHost.swift; sourceTree = "<group>"; };
		1F69C9D525C9550600D7BB21 /* ProfileSummary.swift */ = {isa = PBXFileReference; fileEncoding = 4; lastKnownFileType = sourcecode.swift; path = ProfileSummary.swift; sourceTree = "<group>"; };
		1F69C9D625C9550600D7BB21 /* ProfileEditor.swift */ = {isa = PBXFileReference; fileEncoding = 4; lastKnownFileType = sourcecode.swift; path = ProfileEditor.swift; sourceTree = "<group>"; };
		1F69C9DB25C9551900D7BB21 /* PageView.swift */ = {isa = PBXFileReference; fileEncoding = 4; lastKnownFileType = sourcecode.swift; path = PageView.swift; sourceTree = "<group>"; };
		1F69C9DC25C9551900D7BB21 /* FeatureCard.swift */ = {isa = PBXFileReference; fileEncoding = 4; lastKnownFileType = sourcecode.swift; path = FeatureCard.swift; sourceTree = "<group>"; };
		1F69C9DD25C9551900D7BB21 /* PageViewController.swift */ = {isa = PBXFileReference; fileEncoding = 4; lastKnownFileType = sourcecode.swift; path = PageViewController.swift; sourceTree = "<group>"; };
		1F69C9DE25C9551900D7BB21 /* PageControl.swift */ = {isa = PBXFileReference; fileEncoding = 4; lastKnownFileType = sourcecode.swift; path = PageControl.swift; sourceTree = "<group>"; };
		1F69C9E425C9552C00D7BB21 /* LandmarkRow.swift */ = {isa = PBXFileReference; fileEncoding = 4; lastKnownFileType = sourcecode.swift; path = LandmarkRow.swift; sourceTree = "<group>"; };
		1F69C9E525C9552D00D7BB21 /* LandmarkDetail.swift */ = {isa = PBXFileReference; fileEncoding = 4; lastKnownFileType = sourcecode.swift; path = LandmarkDetail.swift; sourceTree = "<group>"; };
		1F69C9E625C9552D00D7BB21 /* LandmarkList.swift */ = {isa = PBXFileReference; fileEncoding = 4; lastKnownFileType = sourcecode.swift; path = LandmarkList.swift; sourceTree = "<group>"; };
		1F69C9EB25C9554400D7BB21 /* HikeGraph.swift */ = {isa = PBXFileReference; fileEncoding = 4; lastKnownFileType = sourcecode.swift; path = HikeGraph.swift; sourceTree = "<group>"; };
		1F69C9EC25C9554400D7BB21 /* GraphCapsule.swift */ = {isa = PBXFileReference; fileEncoding = 4; lastKnownFileType = sourcecode.swift; path = GraphCapsule.swift; sourceTree = "<group>"; };
		1F69C9ED25C9554400D7BB21 /* HikeDetail.swift */ = {isa = PBXFileReference; fileEncoding = 4; lastKnownFileType = sourcecode.swift; path = HikeDetail.swift; sourceTree = "<group>"; };
		1F69C9EE25C9554400D7BB21 /* HikeView.swift */ = {isa = PBXFileReference; fileEncoding = 4; lastKnownFileType = sourcecode.swift; path = HikeView.swift; sourceTree = "<group>"; };
		1F69C9F425C9555A00D7BB21 /* CircleImage.swift */ = {isa = PBXFileReference; fileEncoding = 4; lastKnownFileType = sourcecode.swift; path = CircleImage.swift; sourceTree = "<group>"; };
		1F69C9F525C9555A00D7BB21 /* MapView.swift */ = {isa = PBXFileReference; fileEncoding = 4; lastKnownFileType = sourcecode.swift; path = MapView.swift; sourceTree = "<group>"; };
		1F69C9F625C9555A00D7BB21 /* FavoriteButton.swift */ = {isa = PBXFileReference; fileEncoding = 4; lastKnownFileType = sourcecode.swift; path = FavoriteButton.swift; sourceTree = "<group>"; };
		1F69C9FB25C9556D00D7BB21 /* CategoryHome.swift */ = {isa = PBXFileReference; fileEncoding = 4; lastKnownFileType = sourcecode.swift; path = CategoryHome.swift; sourceTree = "<group>"; };
		1F69C9FC25C9556D00D7BB21 /* CategoryItem.swift */ = {isa = PBXFileReference; fileEncoding = 4; lastKnownFileType = sourcecode.swift; path = CategoryItem.swift; sourceTree = "<group>"; };
		1F69C9FD25C9556D00D7BB21 /* CategoryRow.swift */ = {isa = PBXFileReference; fileEncoding = 4; lastKnownFileType = sourcecode.swift; path = CategoryRow.swift; sourceTree = "<group>"; };
		1F69CA0225C9558000D7BB21 /* Badge.swift */ = {isa = PBXFileReference; fileEncoding = 4; lastKnownFileType = sourcecode.swift; path = Badge.swift; sourceTree = "<group>"; };
		1F69CA0325C9558000D7BB21 /* BadgeBackground.swift */ = {isa = PBXFileReference; fileEncoding = 4; lastKnownFileType = sourcecode.swift; path = BadgeBackground.swift; sourceTree = "<group>"; };
		1F69CA0425C9558000D7BB21 /* BadgeSymbol.swift */ = {isa = PBXFileReference; fileEncoding = 4; lastKnownFileType = sourcecode.swift; path = BadgeSymbol.swift; sourceTree = "<group>"; };
		1F69CA0525C9558000D7BB21 /* HikeBadge.swift */ = {isa = PBXFileReference; fileEncoding = 4; lastKnownFileType = sourcecode.swift; path = HikeBadge.swift; sourceTree = "<group>"; };
		1F69CA0625C9558000D7BB21 /* HexagonParameters.swift */ = {isa = PBXFileReference; fileEncoding = 4; lastKnownFileType = sourcecode.swift; path = HexagonParameters.swift; sourceTree = "<group>"; };
		1F69CA0725C9558000D7BB21 /* RotatedBadgeSymbol.swift */ = {isa = PBXFileReference; fileEncoding = 4; lastKnownFileType = sourcecode.swift; path = RotatedBadgeSymbol.swift; sourceTree = "<group>"; };
		1F69CA1125C9584300D7BB21 /* WatchOSApp.app */ = {isa = PBXFileReference; explicitFileType = wrapper.application; includeInIndex = 0; path = WatchOSApp.app; sourceTree = BUILT_PRODUCTS_DIR; };
		1F69CA1325C9584400D7BB21 /* Assets.xcassets */ = {isa = PBXFileReference; lastKnownFileType = folder.assetcatalog; path = Assets.xcassets; sourceTree = "<group>"; };
		1F69CA1525C9584400D7BB21 /* Info.plist */ = {isa = PBXFileReference; lastKnownFileType = text.plist.xml; path = Info.plist; sourceTree = "<group>"; };
		1F69CA1A25C9584500D7BB21 /* WatchOSApp Extension.appex */ = {isa = PBXFileReference; explicitFileType = "wrapper.app-extension"; includeInIndex = 0; path = "WatchOSApp Extension.appex"; sourceTree = BUILT_PRODUCTS_DIR; };
		1F69CA2125C9584500D7BB21 /* ContentView.swift */ = {isa = PBXFileReference; lastKnownFileType = sourcecode.swift; path = ContentView.swift; sourceTree = "<group>"; };
		1F69CA2325C9584500D7BB21 /* NotificationController.swift */ = {isa = PBXFileReference; lastKnownFileType = sourcecode.swift; path = NotificationController.swift; sourceTree = "<group>"; };
		1F69CA2525C9584500D7BB21 /* NotificationView.swift */ = {isa = PBXFileReference; lastKnownFileType = sourcecode.swift; path = NotificationView.swift; sourceTree = "<group>"; };
		1F69CA2725C9584500D7BB21 /* ComplicationController.swift */ = {isa = PBXFileReference; lastKnownFileType = sourcecode.swift; path = ComplicationController.swift; sourceTree = "<group>"; };
		1F69CA2925C9584600D7BB21 /* Assets.xcassets */ = {isa = PBXFileReference; lastKnownFileType = folder.assetcatalog; path = Assets.xcassets; sourceTree = "<group>"; };
		1F69CA2C25C9584600D7BB21 /* Preview Assets.xcassets */ = {isa = PBXFileReference; lastKnownFileType = folder.assetcatalog; path = "Preview Assets.xcassets"; sourceTree = "<group>"; };
		1F69CA2E25C9584600D7BB21 /* Info.plist */ = {isa = PBXFileReference; lastKnownFileType = text.plist.xml; path = Info.plist; sourceTree = "<group>"; };
		1F69CA2F25C9584600D7BB21 /* PushNotificationPayload.apns */ = {isa = PBXFileReference; lastKnownFileType = text; path = PushNotificationPayload.apns; sourceTree = "<group>"; };
		1F6FD4C025CC8B7F003C4E61 /* LandmarkDetail.swift */ = {isa = PBXFileReference; lastKnownFileType = sourcecode.swift; path = LandmarkDetail.swift; sourceTree = "<group>"; };
/* End PBXFileReference section */

/* Begin PBXFrameworksBuildPhase section */
		1F69C9A625C953D200D7BB21 /* Frameworks */ = {
			isa = PBXFrameworksBuildPhase;
			buildActionMask = 2147483647;
			files = (
			);
			runOnlyForDeploymentPostprocessing = 0;
		};
		1F69CA1725C9584500D7BB21 /* Frameworks */ = {
			isa = PBXFrameworksBuildPhase;
			buildActionMask = 2147483647;
			files = (
			);
			runOnlyForDeploymentPostprocessing = 0;
		};
/* End PBXFrameworksBuildPhase section */

/* Begin PBXGroup section */
		1F69C9A025C953D200D7BB21 = {
			isa = PBXGroup;
			children = (
				1F69C9AB25C953D200D7BB21 /* SimpleWatchOSApp */,
				1F69CA1225C9584300D7BB21 /* WatchOSApp */,
				1F69CA1E25C9584500D7BB21 /* WatchOSApp Extension */,
				1F69C9AA25C953D200D7BB21 /* Products */,
			);
			sourceTree = "<group>";
		};
		1F69C9AA25C953D200D7BB21 /* Products */ = {
			isa = PBXGroup;
			children = (
				1F69C9A925C953D200D7BB21 /* SimpleWatchOSApp.app */,
				1F69CA1125C9584300D7BB21 /* WatchOSApp.app */,
				1F69CA1A25C9584500D7BB21 /* WatchOSApp Extension.appex */,
			);
			name = Products;
			sourceTree = "<group>";
		};
		1F69C9AB25C953D200D7BB21 /* SimpleWatchOSApp */ = {
			isa = PBXGroup;
			children = (
				1F69C9BE25C953FC00D7BB21 /* Views */,
				1F69C9BD25C953F500D7BB21 /* Resources */,
				1F69C9BC25C953F000D7BB21 /* Model */,
				1F69C9AC25C953D200D7BB21 /* SimpleWatchOSAppApp.swift */,
				1F69C9B025C953D400D7BB21 /* Assets.xcassets */,
				1F69C9B525C953D400D7BB21 /* Info.plist */,
				1F69C9B225C953D400D7BB21 /* Preview Content */,
			);
			path = SimpleWatchOSApp;
			sourceTree = "<group>";
		};
		1F69C9B225C953D400D7BB21 /* Preview Content */ = {
			isa = PBXGroup;
			children = (
				1F69C9B325C953D400D7BB21 /* Preview Assets.xcassets */,
			);
			path = "Preview Content";
			sourceTree = "<group>";
		};
		1F69C9BC25C953F000D7BB21 /* Model */ = {
			isa = PBXGroup;
			children = (
				1F69C9C725C9548E00D7BB21 /* Hike.swift */,
				1F69C9C625C9548E00D7BB21 /* Landmark.swift */,
				1F69C9C925C9548E00D7BB21 /* ModelData.swift */,
				1F69C9C825C9548E00D7BB21 /* Profile.swift */,
			);
			path = Model;
			sourceTree = "<group>";
		};
		1F69C9BD25C953F500D7BB21 /* Resources */ = {
			isa = PBXGroup;
			children = (
				1F69C9D025C954A900D7BB21 /* hikeData.json */,
				1F69C9CF25C954A900D7BB21 /* landmarkData.json */,
			);
			path = Resources;
			sourceTree = "<group>";
		};
		1F69C9BE25C953FC00D7BB21 /* Views */ = {
			isa = PBXGroup;
			children = (
				1F69C9AE25C953D200D7BB21 /* ContentView.swift */,
				1F69C9C525C9543700D7BB21 /* Profiles */,
				1F69C9C425C9542E00D7BB21 /* PageView */,
				1F69C9C325C9542000D7BB21 /* Landmarks */,
				1F69C9C225C9541A00D7BB21 /* Hikes */,
				1F69C9C125C9541300D7BB21 /* Helpers */,
				1F69C9C025C9540C00D7BB21 /* Categories */,
				1F69C9BF25C9540600D7BB21 /* Badges */,
			);
			path = Views;
			sourceTree = "<group>";
		};
		1F69C9BF25C9540600D7BB21 /* Badges */ = {
			isa = PBXGroup;
			children = (
				1F69CA0225C9558000D7BB21 /* Badge.swift */,
				1F69CA0325C9558000D7BB21 /* BadgeBackground.swift */,
				1F69CA0425C9558000D7BB21 /* BadgeSymbol.swift */,
				1F69CA0625C9558000D7BB21 /* HexagonParameters.swift */,
				1F69CA0525C9558000D7BB21 /* HikeBadge.swift */,
				1F69CA0725C9558000D7BB21 /* RotatedBadgeSymbol.swift */,
			);
			path = Badges;
			sourceTree = "<group>";
		};
		1F69C9C025C9540C00D7BB21 /* Categories */ = {
			isa = PBXGroup;
			children = (
				1F69C9FB25C9556D00D7BB21 /* CategoryHome.swift */,
				1F69C9FC25C9556D00D7BB21 /* CategoryItem.swift */,
				1F69C9FD25C9556D00D7BB21 /* CategoryRow.swift */,
			);
			path = Categories;
			sourceTree = "<group>";
		};
		1F69C9C125C9541300D7BB21 /* Helpers */ = {
			isa = PBXGroup;
			children = (
				1F69C9F425C9555A00D7BB21 /* CircleImage.swift */,
				1F69C9F625C9555A00D7BB21 /* FavoriteButton.swift */,
				1F69C9F525C9555A00D7BB21 /* MapView.swift */,
			);
			path = Helpers;
			sourceTree = "<group>";
		};
		1F69C9C225C9541A00D7BB21 /* Hikes */ = {
			isa = PBXGroup;
			children = (
				1F69C9EC25C9554400D7BB21 /* GraphCapsule.swift */,
				1F69C9ED25C9554400D7BB21 /* HikeDetail.swift */,
				1F69C9EB25C9554400D7BB21 /* HikeGraph.swift */,
				1F69C9EE25C9554400D7BB21 /* HikeView.swift */,
			);
			path = Hikes;
			sourceTree = "<group>";
		};
		1F69C9C325C9542000D7BB21 /* Landmarks */ = {
			isa = PBXGroup;
			children = (
				1F69C9E525C9552D00D7BB21 /* LandmarkDetail.swift */,
				1F69C9E625C9552D00D7BB21 /* LandmarkList.swift */,
				1F69C9E425C9552C00D7BB21 /* LandmarkRow.swift */,
			);
			path = Landmarks;
			sourceTree = "<group>";
		};
		1F69C9C425C9542E00D7BB21 /* PageView */ = {
			isa = PBXGroup;
			children = (
				1F69C9DC25C9551900D7BB21 /* FeatureCard.swift */,
				1F69C9DE25C9551900D7BB21 /* PageControl.swift */,
				1F69C9DB25C9551900D7BB21 /* PageView.swift */,
				1F69C9DD25C9551900D7BB21 /* PageViewController.swift */,
			);
			path = PageView;
			sourceTree = "<group>";
		};
		1F69C9C525C9543700D7BB21 /* Profiles */ = {
			isa = PBXGroup;
			children = (
				1F69C9D625C9550600D7BB21 /* ProfileEditor.swift */,
				1F69C9D425C9550600D7BB21 /* ProfileHost.swift */,
				1F69C9D525C9550600D7BB21 /* ProfileSummary.swift */,
			);
			path = Profiles;
			sourceTree = "<group>";
		};
		1F69CA1225C9584300D7BB21 /* WatchOSApp */ = {
			isa = PBXGroup;
			children = (
				1F69CA1325C9584400D7BB21 /* Assets.xcassets */,
				1F69CA1525C9584400D7BB21 /* Info.plist */,
			);
			path = WatchOSApp;
			sourceTree = "<group>";
		};
		1F69CA1E25C9584500D7BB21 /* WatchOSApp Extension */ = {
			isa = PBXGroup;
			children = (
				1F69CA2125C9584500D7BB21 /* ContentView.swift */,
				1F69CA2325C9584500D7BB21 /* NotificationController.swift */,
				1F69CA2525C9584500D7BB21 /* NotificationView.swift */,
				1F69CA2725C9584500D7BB21 /* ComplicationController.swift */,
				1F69CA2925C9584600D7BB21 /* Assets.xcassets */,
				1F69CA2E25C9584600D7BB21 /* Info.plist */,
				1F69CA2F25C9584600D7BB21 /* PushNotificationPayload.apns */,
				1F69CA2B25C9584600D7BB21 /* Preview Content */,
				1F6FD4C025CC8B7F003C4E61 /* LandmarkDetail.swift */,
			);
			path = "WatchOSApp Extension";
			sourceTree = "<group>";
		};
		1F69CA2B25C9584600D7BB21 /* Preview Content */ = {
			isa = PBXGroup;
			children = (
				1F69CA2C25C9584600D7BB21 /* Preview Assets.xcassets */,
			);
			path = "Preview Content";
			sourceTree = "<group>";
		};
/* End PBXGroup section */

/* Begin PBXNativeTarget section */
		1F69C9A825C953D200D7BB21 /* SimpleWatchOSApp */ = {
			isa = PBXNativeTarget;
			buildConfigurationList = 1F69C9B825C953D400D7BB21 /* Build configuration list for PBXNativeTarget "SimpleWatchOSApp" */;
			buildPhases = (
				1F69C9A525C953D200D7BB21 /* Sources */,
				1F69C9A625C953D200D7BB21 /* Frameworks */,
				1F69C9A725C953D200D7BB21 /* Resources */,
				1F69CA3A25C9584600D7BB21 /* Embed Watch Content */,
			);
			buildRules = (
			);
			dependencies = (
				1F69CA3125C9584600D7BB21 /* PBXTargetDependency */,
			);
			name = SimpleWatchOSApp;
			productName = SimpleWatchOSApp;
			productReference = 1F69C9A925C953D200D7BB21 /* SimpleWatchOSApp.app */;
			productType = "com.apple.product-type.application";
		};
		1F69CA1025C9584300D7BB21 /* WatchOSApp */ = {
			isa = PBXNativeTarget;
			buildConfigurationList = 1F69CA3725C9584600D7BB21 /* Build configuration list for PBXNativeTarget "WatchOSApp" */;
			buildPhases = (
				1F69CA0F25C9584300D7BB21 /* Resources */,
				1F69CA3625C9584600D7BB21 /* Embed App Extensions */,
			);
			buildRules = (
			);
			dependencies = (
				1F69CA1D25C9584500D7BB21 /* PBXTargetDependency */,
			);
			name = WatchOSApp;
			productName = WatchOSApp;
			productReference = 1F69CA1125C9584300D7BB21 /* WatchOSApp.app */;
			productType = "com.apple.product-type.application.watchapp2";
		};
		1F69CA1925C9584500D7BB21 /* WatchOSApp Extension */ = {
			isa = PBXNativeTarget;
			buildConfigurationList = 1F69CA3325C9584600D7BB21 /* Build configuration list for PBXNativeTarget "WatchOSApp Extension" */;
			buildPhases = (
				1F69CA1625C9584500D7BB21 /* Sources */,
				1F69CA1725C9584500D7BB21 /* Frameworks */,
				1F69CA1825C9584500D7BB21 /* Resources */,
			);
			buildRules = (
			);
			dependencies = (
			);
			name = "WatchOSApp Extension";
			productName = "WatchOSApp Extension";
			productReference = 1F69CA1A25C9584500D7BB21 /* WatchOSApp Extension.appex */;
			productType = "com.apple.product-type.watchkit2-extension";
		};
/* End PBXNativeTarget section */

/* Begin PBXProject section */
		1F69C9A125C953D200D7BB21 /* Project object */ = {
			isa = PBXProject;
			attributes = {
				LastSwiftUpdateCheck = 1240;
				LastUpgradeCheck = 1240;
				TargetAttributes = {
					1F69C9A825C953D200D7BB21 = {
						CreatedOnToolsVersion = 12.4;
					};
					1F69CA1025C9584300D7BB21 = {
						CreatedOnToolsVersion = 12.4;
					};
					1F69CA1925C9584500D7BB21 = {
						CreatedOnToolsVersion = 12.4;
					};
				};
			};
			buildConfigurationList = 1F69C9A425C953D200D7BB21 /* Build configuration list for PBXProject "SimpleWatchOSApp" */;
			compatibilityVersion = "Xcode 9.3";
			developmentRegion = en;
			hasScannedForEncodings = 0;
			knownRegions = (
				en,
				Base,
			);
			mainGroup = 1F69C9A025C953D200D7BB21;
			productRefGroup = 1F69C9AA25C953D200D7BB21 /* Products */;
			projectDirPath = "";
			projectRoot = "";
			targets = (
				1F69C9A825C953D200D7BB21 /* SimpleWatchOSApp */,
				1F69CA1025C9584300D7BB21 /* WatchOSApp */,
				1F69CA1925C9584500D7BB21 /* WatchOSApp Extension */,
			);
		};
/* End PBXProject section */

/* Begin PBXResourcesBuildPhase section */
		1F69C9A725C953D200D7BB21 /* Resources */ = {
			isa = PBXResourcesBuildPhase;
			buildActionMask = 2147483647;
			files = (
				1F69C9D225C954A900D7BB21 /* hikeData.json in Resources */,
				1F69C9B425C953D400D7BB21 /* Preview Assets.xcassets in Resources */,
				1F69C9B125C953D400D7BB21 /* Assets.xcassets in Resources */,
				1F69C9D125C954A900D7BB21 /* landmarkData.json in Resources */,
			);
			runOnlyForDeploymentPostprocessing = 0;
		};
		1F69CA0F25C9584300D7BB21 /* Resources */ = {
			isa = PBXResourcesBuildPhase;
			buildActionMask = 2147483647;
			files = (
				1F69CA1425C9584400D7BB21 /* Assets.xcassets in Resources */,
			);
			runOnlyForDeploymentPostprocessing = 0;
		};
		1F69CA1825C9584500D7BB21 /* Resources */ = {
			isa = PBXResourcesBuildPhase;
			buildActionMask = 2147483647;
			files = (
				1F69CA2D25C9584600D7BB21 /* Preview Assets.xcassets in Resources */,
				1F6FD4AD25CC8657003C4E61 /* landmarkData.json in Resources */,
				1F6FD4A925CC8657003C4E61 /* hikeData.json in Resources */,
				1F69CA2A25C9584600D7BB21 /* Assets.xcassets in Resources */,
				1F6FD4B125CC8657003C4E61 /* Assets.xcassets in Resources */,
			);
			runOnlyForDeploymentPostprocessing = 0;
		};
/* End PBXResourcesBuildPhase section */

/* Begin PBXSourcesBuildPhase section */
		1F69C9A525C953D200D7BB21 /* Sources */ = {
			isa = PBXSourcesBuildPhase;
			buildActionMask = 2147483647;
			files = (
				1F69C9AF25C953D200D7BB21 /* ContentView.swift in Sources */,
				1F69C9CC25C9548E00D7BB21 /* Profile.swift in Sources */,
				1F69C9D725C9550600D7BB21 /* ProfileHost.swift in Sources */,
				1F69C9F825C9555A00D7BB21 /* MapView.swift in Sources */,
				1F69C9FE25C9556D00D7BB21 /* CategoryHome.swift in Sources */,
				1F69CA0C25C9558000D7BB21 /* HexagonParameters.swift in Sources */,
				1F69C9E925C9552D00D7BB21 /* LandmarkList.swift in Sources */,
				1F69CA0025C9556D00D7BB21 /* CategoryRow.swift in Sources */,
				1F69CA0825C9558000D7BB21 /* Badge.swift in Sources */,
				1F69C9E225C9551900D7BB21 /* PageControl.swift in Sources */,
				1F69C9E125C9551900D7BB21 /* PageViewController.swift in Sources */,
				1F69CA0B25C9558000D7BB21 /* HikeBadge.swift in Sources */,
				1F69CA0A25C9558000D7BB21 /* BadgeSymbol.swift in Sources */,
				1F69C9AD25C953D200D7BB21 /* SimpleWatchOSAppApp.swift in Sources */,
				1F69C9F125C9554400D7BB21 /* HikeDetail.swift in Sources */,
				1F69CA0D25C9558000D7BB21 /* RotatedBadgeSymbol.swift in Sources */,
				1F69C9CB25C9548E00D7BB21 /* Hike.swift in Sources */,
				1F69C9DF25C9551900D7BB21 /* PageView.swift in Sources */,
				1F69C9CA25C9548E00D7BB21 /* Landmark.swift in Sources */,
				1F69C9D825C9550600D7BB21 /* ProfileSummary.swift in Sources */,
				1F69C9CD25C9548E00D7BB21 /* ModelData.swift in Sources */,
				1F69C9F225C9554400D7BB21 /* HikeView.swift in Sources */,
				1F69C9D925C9550600D7BB21 /* ProfileEditor.swift in Sources */,
				1F69C9E725C9552D00D7BB21 /* LandmarkRow.swift in Sources */,
				1F69C9FF25C9556D00D7BB21 /* CategoryItem.swift in Sources */,
				1F69C9F025C9554400D7BB21 /* GraphCapsule.swift in Sources */,
				1F69C9F725C9555A00D7BB21 /* CircleImage.swift in Sources */,
				1F69CA0925C9558000D7BB21 /* BadgeBackground.swift in Sources */,
				1F69C9E825C9552D00D7BB21 /* LandmarkDetail.swift in Sources */,
				1F69C9E025C9551900D7BB21 /* FeatureCard.swift in Sources */,
				1F69C9EF25C9554400D7BB21 /* HikeGraph.swift in Sources */,
				1F69C9F925C9555A00D7BB21 /* FavoriteButton.swift in Sources */,
			);
			runOnlyForDeploymentPostprocessing = 0;
		};
		1F69CA1625C9584500D7BB21 /* Sources */ = {
			isa = PBXSourcesBuildPhase;
			buildActionMask = 2147483647;
			files = (
				1F6FD4B425CC8657003C4E61 /* Landmark.swift in Sources */,
				1F6FD4AC25CC8657003C4E61 /* MapView.swift in Sources */,
				1F6FD4B325CC8657003C4E61 /* SimpleWatchOSAppApp.swift in Sources */,
				1F6FD4B225CC8657003C4E61 /* LandmarkList.swift in Sources */,
				1F6FD4AA25CC8657003C4E61 /* Hike.swift in Sources */,
				1F69CA2425C9584500D7BB21 /* NotificationController.swift in Sources */,
				1F6FD4C125CC8B7F003C4E61 /* LandmarkDetail.swift in Sources */,
				1F69CA2225C9584500D7BB21 /* ContentView.swift in Sources */,
				1F69CA2825C9584500D7BB21 /* ComplicationController.swift in Sources */,
				1F6FD4AE25CC8657003C4E61 /* ModelData.swift in Sources */,
				1F69CA2625C9584500D7BB21 /* NotificationView.swift in Sources */,
				1F6FD4AF25CC8657003C4E61 /* Profile.swift in Sources */,
				1F6FD4B025CC8657003C4E61 /* LandmarkRow.swift in Sources */,
				1F6FD4AB25CC8657003C4E61 /* CircleImage.swift in Sources */,
			);
			runOnlyForDeploymentPostprocessing = 0;
		};
/* End PBXSourcesBuildPhase section */

/* Begin PBXTargetDependency section */
		1F69CA1D25C9584500D7BB21 /* PBXTargetDependency */ = {
			isa = PBXTargetDependency;
			target = 1F69CA1925C9584500D7BB21 /* WatchOSApp Extension */;
			targetProxy = 1F69CA1C25C9584500D7BB21 /* PBXContainerItemProxy */;
		};
		1F69CA3125C9584600D7BB21 /* PBXTargetDependency */ = {
			isa = PBXTargetDependency;
			target = 1F69CA1025C9584300D7BB21 /* WatchOSApp */;
			targetProxy = 1F69CA3025C9584600D7BB21 /* PBXContainerItemProxy */;
		};
/* End PBXTargetDependency section */

/* Begin XCBuildConfiguration section */
		1F69C9B625C953D400D7BB21 /* Debug */ = {
			isa = XCBuildConfiguration;
			buildSettings = {
				ALWAYS_SEARCH_USER_PATHS = NO;
				CLANG_ANALYZER_NONNULL = YES;
				CLANG_ANALYZER_NUMBER_OBJECT_CONVERSION = YES_AGGRESSIVE;
				CLANG_CXX_LANGUAGE_STANDARD = "gnu++14";
				CLANG_CXX_LIBRARY = "libc++";
				CLANG_ENABLE_MODULES = YES;
				CLANG_ENABLE_OBJC_ARC = YES;
				CLANG_ENABLE_OBJC_WEAK = YES;
				CLANG_WARN_BLOCK_CAPTURE_AUTORELEASING = YES;
				CLANG_WARN_BOOL_CONVERSION = YES;
				CLANG_WARN_COMMA = YES;
				CLANG_WARN_CONSTANT_CONVERSION = YES;
				CLANG_WARN_DEPRECATED_OBJC_IMPLEMENTATIONS = YES;
				CLANG_WARN_DIRECT_OBJC_ISA_USAGE = YES_ERROR;
				CLANG_WARN_DOCUMENTATION_COMMENTS = YES;
				CLANG_WARN_EMPTY_BODY = YES;
				CLANG_WARN_ENUM_CONVERSION = YES;
				CLANG_WARN_INFINITE_RECURSION = YES;
				CLANG_WARN_INT_CONVERSION = YES;
				CLANG_WARN_NON_LITERAL_NULL_CONVERSION = YES;
				CLANG_WARN_OBJC_IMPLICIT_RETAIN_SELF = YES;
				CLANG_WARN_OBJC_LITERAL_CONVERSION = YES;
				CLANG_WARN_OBJC_ROOT_CLASS = YES_ERROR;
				CLANG_WARN_QUOTED_INCLUDE_IN_FRAMEWORK_HEADER = YES;
				CLANG_WARN_RANGE_LOOP_ANALYSIS = YES;
				CLANG_WARN_STRICT_PROTOTYPES = YES;
				CLANG_WARN_SUSPICIOUS_MOVE = YES;
				CLANG_WARN_UNGUARDED_AVAILABILITY = YES_AGGRESSIVE;
				CLANG_WARN_UNREACHABLE_CODE = YES;
				CLANG_WARN__DUPLICATE_METHOD_MATCH = YES;
				COPY_PHASE_STRIP = NO;
				DEBUG_INFORMATION_FORMAT = dwarf;
				ENABLE_STRICT_OBJC_MSGSEND = YES;
				ENABLE_TESTABILITY = YES;
				GCC_C_LANGUAGE_STANDARD = gnu11;
				GCC_DYNAMIC_NO_PIC = NO;
				GCC_NO_COMMON_BLOCKS = YES;
				GCC_OPTIMIZATION_LEVEL = 0;
				GCC_PREPROCESSOR_DEFINITIONS = (
					"DEBUG=1",
					"$(inherited)",
				);
				GCC_WARN_64_TO_32_BIT_CONVERSION = YES;
				GCC_WARN_ABOUT_RETURN_TYPE = YES_ERROR;
				GCC_WARN_UNDECLARED_SELECTOR = YES;
				GCC_WARN_UNINITIALIZED_AUTOS = YES_AGGRESSIVE;
				GCC_WARN_UNUSED_FUNCTION = YES;
				GCC_WARN_UNUSED_VARIABLE = YES;
				IPHONEOS_DEPLOYMENT_TARGET = 14.4;
				MTL_ENABLE_DEBUG_INFO = INCLUDE_SOURCE;
				MTL_FAST_MATH = YES;
				ONLY_ACTIVE_ARCH = YES;
				SDKROOT = iphoneos;
				SWIFT_ACTIVE_COMPILATION_CONDITIONS = DEBUG;
				SWIFT_OPTIMIZATION_LEVEL = "-Onone";
			};
			name = Debug;
		};
		1F69C9B725C953D400D7BB21 /* Release */ = {
			isa = XCBuildConfiguration;
			buildSettings = {
				ALWAYS_SEARCH_USER_PATHS = NO;
				CLANG_ANALYZER_NONNULL = YES;
				CLANG_ANALYZER_NUMBER_OBJECT_CONVERSION = YES_AGGRESSIVE;
				CLANG_CXX_LANGUAGE_STANDARD = "gnu++14";
				CLANG_CXX_LIBRARY = "libc++";
				CLANG_ENABLE_MODULES = YES;
				CLANG_ENABLE_OBJC_ARC = YES;
				CLANG_ENABLE_OBJC_WEAK = YES;
				CLANG_WARN_BLOCK_CAPTURE_AUTORELEASING = YES;
				CLANG_WARN_BOOL_CONVERSION = YES;
				CLANG_WARN_COMMA = YES;
				CLANG_WARN_CONSTANT_CONVERSION = YES;
				CLANG_WARN_DEPRECATED_OBJC_IMPLEMENTATIONS = YES;
				CLANG_WARN_DIRECT_OBJC_ISA_USAGE = YES_ERROR;
				CLANG_WARN_DOCUMENTATION_COMMENTS = YES;
				CLANG_WARN_EMPTY_BODY = YES;
				CLANG_WARN_ENUM_CONVERSION = YES;
				CLANG_WARN_INFINITE_RECURSION = YES;
				CLANG_WARN_INT_CONVERSION = YES;
				CLANG_WARN_NON_LITERAL_NULL_CONVERSION = YES;
				CLANG_WARN_OBJC_IMPLICIT_RETAIN_SELF = YES;
				CLANG_WARN_OBJC_LITERAL_CONVERSION = YES;
				CLANG_WARN_OBJC_ROOT_CLASS = YES_ERROR;
				CLANG_WARN_QUOTED_INCLUDE_IN_FRAMEWORK_HEADER = YES;
				CLANG_WARN_RANGE_LOOP_ANALYSIS = YES;
				CLANG_WARN_STRICT_PROTOTYPES = YES;
				CLANG_WARN_SUSPICIOUS_MOVE = YES;
				CLANG_WARN_UNGUARDED_AVAILABILITY = YES_AGGRESSIVE;
				CLANG_WARN_UNREACHABLE_CODE = YES;
				CLANG_WARN__DUPLICATE_METHOD_MATCH = YES;
				COPY_PHASE_STRIP = NO;
				DEBUG_INFORMATION_FORMAT = "dwarf-with-dsym";
				ENABLE_NS_ASSERTIONS = NO;
				ENABLE_STRICT_OBJC_MSGSEND = YES;
				GCC_C_LANGUAGE_STANDARD = gnu11;
				GCC_NO_COMMON_BLOCKS = YES;
				GCC_WARN_64_TO_32_BIT_CONVERSION = YES;
				GCC_WARN_ABOUT_RETURN_TYPE = YES_ERROR;
				GCC_WARN_UNDECLARED_SELECTOR = YES;
				GCC_WARN_UNINITIALIZED_AUTOS = YES_AGGRESSIVE;
				GCC_WARN_UNUSED_FUNCTION = YES;
				GCC_WARN_UNUSED_VARIABLE = YES;
				IPHONEOS_DEPLOYMENT_TARGET = 14.4;
				MTL_ENABLE_DEBUG_INFO = NO;
				MTL_FAST_MATH = YES;
				SDKROOT = iphoneos;
				SWIFT_COMPILATION_MODE = wholemodule;
				SWIFT_OPTIMIZATION_LEVEL = "-O";
				VALIDATE_PRODUCT = YES;
			};
			name = Release;
		};
		1F69C9B925C953D400D7BB21 /* Debug */ = {
			isa = XCBuildConfiguration;
			buildSettings = {
				ASSETCATALOG_COMPILER_APPICON_NAME = AppIcon;
				ASSETCATALOG_COMPILER_GLOBAL_ACCENT_COLOR_NAME = AccentColor;
				CODE_SIGN_STYLE = Automatic;
				DEVELOPMENT_ASSET_PATHS = "\"SimpleWatchOSApp/Preview Content\"";
				DEVELOPMENT_TEAM = VGM5VS634S;
				ENABLE_PREVIEWS = YES;
				INFOPLIST_FILE = SimpleWatchOSApp/Info.plist;
				IPHONEOS_DEPLOYMENT_TARGET = 14.0;
				LD_RUNPATH_SEARCH_PATHS = (
					"$(inherited)",
					"@executable_path/Frameworks",
				);
				PRODUCT_BUNDLE_IDENTIFIER = io.github.lauwarm.SimpleWatchOSApp;
				PRODUCT_NAME = "$(TARGET_NAME)";
				SWIFT_VERSION = 5.0;
				TARGETED_DEVICE_FAMILY = "1,2";
			};
			name = Debug;
		};
		1F69C9BA25C953D400D7BB21 /* Release */ = {
			isa = XCBuildConfiguration;
			buildSettings = {
				ASSETCATALOG_COMPILER_APPICON_NAME = AppIcon;
				ASSETCATALOG_COMPILER_GLOBAL_ACCENT_COLOR_NAME = AccentColor;
				CODE_SIGN_STYLE = Automatic;
				DEVELOPMENT_ASSET_PATHS = "\"SimpleWatchOSApp/Preview Content\"";
				DEVELOPMENT_TEAM = VGM5VS634S;
				ENABLE_PREVIEWS = YES;
				INFOPLIST_FILE = SimpleWatchOSApp/Info.plist;
				IPHONEOS_DEPLOYMENT_TARGET = 14.0;
				LD_RUNPATH_SEARCH_PATHS = (
					"$(inherited)",
					"@executable_path/Frameworks",
				);
				PRODUCT_BUNDLE_IDENTIFIER = io.github.lauwarm.SimpleWatchOSApp;
				PRODUCT_NAME = "$(TARGET_NAME)";
				SWIFT_VERSION = 5.0;
				TARGETED_DEVICE_FAMILY = "1,2";
			};
			name = Release;
		};
		1F69CA3425C9584600D7BB21 /* Debug */ = {
			isa = XCBuildConfiguration;
			buildSettings = {
				ASSETCATALOG_COMPILER_COMPLICATION_NAME = Complication;
				CODE_SIGN_STYLE = Automatic;
				DEVELOPMENT_ASSET_PATHS = "\"WatchOSApp Extension/Preview Content\"";
				DEVELOPMENT_TEAM = VGM5VS634S;
				ENABLE_PREVIEWS = YES;
				INFOPLIST_FILE = "WatchOSApp Extension/Info.plist";
				LD_RUNPATH_SEARCH_PATHS = (
					"$(inherited)",
					"@executable_path/Frameworks",
					"@executable_path/../../Frameworks",
				);
				PRODUCT_BUNDLE_IDENTIFIER = io.github.lauwarm.SimpleWatchOSApp.watchkitapp.watchkitextension;
				PRODUCT_NAME = "${TARGET_NAME}";
				SDKROOT = watchos;
				SKIP_INSTALL = YES;
				SWIFT_VERSION = 5.0;
				TARGETED_DEVICE_FAMILY = 4;
				WATCHOS_DEPLOYMENT_TARGET = 7.2;
			};
			name = Debug;
		};
		1F69CA3525C9584600D7BB21 /* Release */ = {
			isa = XCBuildConfiguration;
			buildSettings = {
				ASSETCATALOG_COMPILER_COMPLICATION_NAME = Complication;
				CODE_SIGN_STYLE = Automatic;
				DEVELOPMENT_ASSET_PATHS = "\"WatchOSApp Extension/Preview Content\"";
				DEVELOPMENT_TEAM = VGM5VS634S;
				ENABLE_PREVIEWS = YES;
				INFOPLIST_FILE = "WatchOSApp Extension/Info.plist";
				LD_RUNPATH_SEARCH_PATHS = (
					"$(inherited)",
					"@executable_path/Frameworks",
					"@executable_path/../../Frameworks",
				);
				PRODUCT_BUNDLE_IDENTIFIER = io.github.lauwarm.SimpleWatchOSApp.watchkitapp.watchkitextension;
				PRODUCT_NAME = "${TARGET_NAME}";
				SDKROOT = watchos;
				SKIP_INSTALL = YES;
				SWIFT_VERSION = 5.0;
				TARGETED_DEVICE_FAMILY = 4;
				WATCHOS_DEPLOYMENT_TARGET = 7.2;
			};
			name = Release;
		};
		1F69CA3825C9584600D7BB21 /* Debug */ = {
			isa = XCBuildConfiguration;
			buildSettings = {
				ALWAYS_EMBED_SWIFT_STANDARD_LIBRARIES = YES;
				ASSETCATALOG_COMPILER_APPICON_NAME = AppIcon;
				ASSETCATALOG_COMPILER_GLOBAL_ACCENT_COLOR_NAME = AccentColor;
				CODE_SIGN_STYLE = Automatic;
				DEVELOPMENT_TEAM = VGM5VS634S;
				IBSC_MODULE = WatchOSApp_Extension;
				INFOPLIST_FILE = WatchOSApp/Info.plist;
				PRODUCT_BUNDLE_IDENTIFIER = io.github.lauwarm.SimpleWatchOSApp.watchkitapp;
				PRODUCT_NAME = "$(TARGET_NAME)";
				SDKROOT = watchos;
				SKIP_INSTALL = YES;
				SWIFT_VERSION = 5.0;
				TARGETED_DEVICE_FAMILY = 4;
				WATCHOS_DEPLOYMENT_TARGET = 7.2;
			};
			name = Debug;
		};
		1F69CA3925C9584600D7BB21 /* Release */ = {
			isa = XCBuildConfiguration;
			buildSettings = {
				ALWAYS_EMBED_SWIFT_STANDARD_LIBRARIES = YES;
				ASSETCATALOG_COMPILER_APPICON_NAME = AppIcon;
				ASSETCATALOG_COMPILER_GLOBAL_ACCENT_COLOR_NAME = AccentColor;
				CODE_SIGN_STYLE = Automatic;
				DEVELOPMENT_TEAM = VGM5VS634S;
				IBSC_MODULE = WatchOSApp_Extension;
				INFOPLIST_FILE = WatchOSApp/Info.plist;
				PRODUCT_BUNDLE_IDENTIFIER = io.github.lauwarm.SimpleWatchOSApp.watchkitapp;
				PRODUCT_NAME = "$(TARGET_NAME)";
				SDKROOT = watchos;
				SKIP_INSTALL = YES;
				SWIFT_VERSION = 5.0;
				TARGETED_DEVICE_FAMILY = 4;
				WATCHOS_DEPLOYMENT_TARGET = 7.2;
			};
			name = Release;
		};
/* End XCBuildConfiguration section */

/* Begin XCConfigurationList section */
		1F69C9A425C953D200D7BB21 /* Build configuration list for PBXProject "SimpleWatchOSApp" */ = {
			isa = XCConfigurationList;
			buildConfigurations = (
				1F69C9B625C953D400D7BB21 /* Debug */,
				1F69C9B725C953D400D7BB21 /* Release */,
			);
			defaultConfigurationIsVisible = 0;
			defaultConfigurationName = Release;
		};
		1F69C9B825C953D400D7BB21 /* Build configuration list for PBXNativeTarget "SimpleWatchOSApp" */ = {
			isa = XCConfigurationList;
			buildConfigurations = (
				1F69C9B925C953D400D7BB21 /* Debug */,
				1F69C9BA25C953D400D7BB21 /* Release */,
			);
			defaultConfigurationIsVisible = 0;
			defaultConfigurationName = Release;
		};
		1F69CA3325C9584600D7BB21 /* Build configuration list for PBXNativeTarget "WatchOSApp Extension" */ = {
			isa = XCConfigurationList;
			buildConfigurations = (
				1F69CA3425C9584600D7BB21 /* Debug */,
				1F69CA3525C9584600D7BB21 /* Release */,
			);
			defaultConfigurationIsVisible = 0;
			defaultConfigurationName = Release;
		};
		1F69CA3725C9584600D7BB21 /* Build configuration list for PBXNativeTarget "WatchOSApp" */ = {
			isa = XCConfigurationList;
			buildConfigurations = (
				1F69CA3825C9584600D7BB21 /* Debug */,
				1F69CA3925C9584600D7BB21 /* Release */,
			);
			defaultConfigurationIsVisible = 0;
			defaultConfigurationName = Release;
		};
/* End XCConfigurationList section */
	};
	rootObject = 1F69C9A125C953D200D7BB21 /* Project object */;
}
